%{
  "jason": {:hex, :jason, "1.4.4", "b9226785a9aa77b6857ca22832cffa5d5011a667207eb2a0ad56adb5db443b8a", [:mix], [{:decimal, "~> 1.0 or ~> 2.0", [hex: :decimal, repo: "hexpm", optional: true]}], "hexpm", "c5eb0cab91f094599f94d55bc63409236a8ec69a21a67814529e8d5f6cc90b3b"},
  "quichex": {:hex, :quichex, "0.1.0", "0c5c9880386ae6929da1c22214bf080bc7219859196a14d5371a918f2eadf71a", [:mix], [{:rustler, "~> 0.37.1", [hex: :rustler, repo: "hexpm", optional: false]}, {:telemetry, "~> 1.3", [hex: :telemetry, repo: "hexpm", optional: false]}], "hexpm", "9fd8c552ad1a2195cc229694af0751acb052a06393822490bc17fe56b95d6cfb"},
  "rustler": {:hex, :rustler, "0.37.1", "721434020c7f6f8e1cdc57f44f75c490435b01de96384f8ccb96043f12e8a7e0", [:mix], [{:jason, "~> 1.0", [hex: :jason, repo: "hexpm", optional: false]}], "hexpm", "24547e9b8640cf00e6a2071acb710f3e12ce0346692e45098d84d45cdb54fd79"},
  "telemetry": {:hex, :telemetry, "1.3.0", "fedebbae410d715cf8e7062c96a1ef32ec22e764197f70cda73d82778d61e7a2", [:rebar3], [], "hexpm", "7015fc8919dbe63764f4b4b87a95b7c0996bd539e0d499be6ec9d7f3875b79e6"},
}
